
Microsoft Visual Studio Solution File, Format Version 12.00
# Visual Studio 15
VisualStudioVersion = 15.0.28307.168
MinimumVisualStudioVersion = 10.0.40219.1
Project("{8BC9CEB8-8B4A-11D0-8D11-00A0C91BC942}") = "HW", "HW\HW.vcxproj", "{BCC233B8-BCA9-4B65-9C7D-79C2BF9458CC}"
EndProject
Global
	GlobalSection(SolutionConfigurationPlatforms) = preSolution
		Debug|x64 = Debug|x64
		Debug|x86 = Debug|x86
		Release|x64 = Release|x64
		Release|x86 = Release|x86
	EndGlobalSection
	GlobalSection(ProjectConfigurationPlatforms) = postSolution
		{BCC233B8-BCA9-4B65-9C7D-79C2BF9458CC}.Debug|x64.ActiveCfg = Debug|x64
		{BCC233B8-BCA9-4B65-9C7D-79C2BF9458CC}.Debug|x64.Build.0 = Debug|x64
		{BCC233B8-BCA9-4B65-9C7D-79C2BF9458CC}.Debug|x86.ActiveCfg = Debug|Win32
		{BCC233B8-BCA9-4B65-9C7D-79C2BF9458CC}.Debug|x86.Build.0 = Debug|Win32
		{BCC233B8-BCA9-4B65-9C7D-79C2BF9458CC}.Release|x64.ActiveCfg = Release|x64
		{BCC233B8-BCA9-4B65-9C7D-79C2BF9458CC}.Release|x64.Build.0 = Release|x64
		{BCC233B8-BCA9-4B65-9C7D-79C2BF9458CC}.Release|x86.ActiveCfg = Release|Win32
		{BCC233B8-BCA9-4B65-9C7D-79C2BF9458CC}.Release|x86.Build.0 = Release|Win32
	EndGlobalSection
	GlobalSection(SolutionProperties) = preSolution
		HideSolutionNode = FALSE
	EndGlobalSection
	GlobalSection(ExtensibilityGlobals) = postSolution
		SolutionGuid = {DAB6E2CD-978F-435F-AECD-44EB2C005C64}
	EndGlobalSection
EndGlobal
